
Microsoft Visual Studio Solution File, Format Version 12.00
# Visual Studio Version 17
VisualStudioVersion = 17.9.34723.18
MinimumVisualStudioVersion = 10.0.40219.1
Project("{FAE04EC0-301F-11D3-BF4B-00C04F79EFBC}") = "LaptopDiscount_S4", "LaptopDiscount_S4\LaptopDiscount_S4.csproj", "{D8619F90-1939-4C12-8833-FB22D303E7C4}"
EndProject
Project("{FAE04EC0-301F-11D3-BF4B-00C04F79EFBC}") = "DiscountTest", "DiscountTest\DiscountTest.csproj", "{B42EE8B6-FA84-414D-A9E4-971033F552CC}"
EndProject
Global
	GlobalSection(SolutionConfigurationPlatforms) = preSolution
		Debug|Any CPU = Debug|Any CPU
		Debug|x64 = Debug|x64
		Release|Any CPU = Release|Any CPU
		Release|x64 = Release|x64
	EndGlobalSection
	GlobalSection(ProjectConfigurationPlatforms) = postSolution
		{D8619F90-1939-4C12-8833-FB22D303E7C4}.Debug|Any CPU.ActiveCfg = Debug|Any CPU
		{D8619F90-1939-4C12-8833-FB22D303E7C4}.Debug|Any CPU.Build.0 = Debug|Any CPU
		{D8619F90-1939-4C12-8833-FB22D303E7C4}.Debug|x64.ActiveCfg = Debug|x64
		{D8619F90-1939-4C12-8833-FB22D303E7C4}.Debug|x64.Build.0 = Debug|x64
		{D8619F90-1939-4C12-8833-FB22D303E7C4}.Release|Any CPU.ActiveCfg = Release|Any CPU
		{D8619F90-1939-4C12-8833-FB22D303E7C4}.Release|Any CPU.Build.0 = Release|Any CPU
		{D8619F90-1939-4C12-8833-FB22D303E7C4}.Release|x64.ActiveCfg = Release|x64
		{D8619F90-1939-4C12-8833-FB22D303E7C4}.Release|x64.Build.0 = Release|x64
		{B42EE8B6-FA84-414D-A9E4-971033F552CC}.Debug|Any CPU.ActiveCfg = Debug|Any CPU
		{B42EE8B6-FA84-414D-A9E4-971033F552CC}.Debug|Any CPU.Build.0 = Debug|Any CPU
		{B42EE8B6-FA84-414D-A9E4-971033F552CC}.Debug|x64.ActiveCfg = Debug|x64
		{B42EE8B6-FA84-414D-A9E4-971033F552CC}.Debug|x64.Build.0 = Debug|x64
		{B42EE8B6-FA84-414D-A9E4-971033F552CC}.Release|Any CPU.ActiveCfg = Release|Any CPU
		{B42EE8B6-FA84-414D-A9E4-971033F552CC}.Release|Any CPU.Build.0 = Release|Any CPU
		{B42EE8B6-FA84-414D-A9E4-971033F552CC}.Release|x64.ActiveCfg = Release|x64
		{B42EE8B6-FA84-414D-A9E4-971033F552CC}.Release|x64.Build.0 = Release|x64
	EndGlobalSection
	GlobalSection(SolutionProperties) = preSolution
		HideSolutionNode = FALSE
	EndGlobalSection
	GlobalSection(ExtensibilityGlobals) = postSolution
		SolutionGuid = {F3408155-2364-4922-8183-CE1D408DDE88}
	EndGlobalSection
EndGlobal
